# THIS IS AN AUTOGENERATED FILE. DO NOT EDIT THIS FILE DIRECTLY.
# yarn lockfile v1


jiti@^1.13.0:
  version "1.13.0"
  resolved "https://registry.yarnpkg.com/jiti/-/jiti-1.13.0.tgz#3cdfc4e651ca0cca4c62ed5e47747b5841d41a8e"
  integrity sha512-/n9mNxZj/HDSrincJ6RP+L+yXbpnB8FybySBa+IjIaoH9FIxBbrbRT5XUbe8R7zuVM2AQqNMNDDqz0bzx3znOQ==
